
Microsoft Visual Studio Solution File, Format Version 12.00
# Visual Studio Version 17
VisualStudioVersion = 17.0.31903.59
MinimumVisualStudioVersion = 10.0.40219.1
Project("{2150E333-8FDC-42A3-9474-1A3956D46DE8}") = "00_SharedKernel", "00_SharedKernel", "{973182D7-6766-3460-DF07-603EAC9375EF}"
EndProject
Project("{FAE04EC0-301F-11D3-BF4B-00C04F79EFBC}") = "Yanets.SharedKernel", "00_SharedKernel\Yanets.SharedKernel.csproj", "{FB1A2561-9FDC-4F2A-855F-21F489964517}"
EndProject
Project("{FAE04EC0-301F-11D3-BF4B-00C04F79EFBC}") = "Yanets.Core", "01_Domain\Core\Yanets.Core.csproj", "{E5393C54-2557-4475-84A7-FA0B786F80CD}"
EndProject
Project("{FAE04EC0-301F-11D3-BF4B-00C04F79EFBC}") = "Yanets.Application", "02_Application\Services\Yanets.Application.csproj", "{60E48E75-B9DE-4C8E-9D2C-4DC139466437}"
EndProject
Project("{FAE04EC0-301F-11D3-BF4B-00C04F79EFBC}") = "Yanets.Infrastructure", "03_Infrastructure\Network\Yanets.Infrastructure.csproj", "{20D384A0-882D-4BCC-8486-7C2BBA8E13D8}"
EndProject
Project("{2150E333-8FDC-42A3-9474-1A3956D46DE8}") = "01_Domain", "01_Domain", "{26B3706C-9BEF-B19E-E5E0-A27871C00191}"
EndProject
Project("{2150E333-8FDC-42A3-9474-1A3956D46DE8}") = "Tests", "Tests", "{2614D91E-C954-E738-7CD6-3849274640A0}"
EndProject
Project("{FAE04EC0-301F-11D3-BF4B-00C04F79EFBC}") = "Yanets.Core.Tests", "01_Domain\Tests\Yanets.Core.Tests.csproj", "{E3C8E623-D253-4F38-BFA6-7500EE6CE75F}"
EndProject
Project("{2150E333-8FDC-42A3-9474-1A3956D46DE8}") = "04_Presentation", "04_Presentation", "{12DE95CD-2B2E-FD30-5690-9432B4B3B81E}"
EndProject
Project("{2150E333-8FDC-42A3-9474-1A3956D46DE8}") = "WebUI", "WebUI", "{93643AE3-9CC7-7BEE-F8CB-842DB145C0D8}"
EndProject
Project("{FAE04EC0-301F-11D3-BF4B-00C04F79EFBC}") = "Yanets.WebUI", "04_Presentation\WebUI\Yanets.WebUI.csproj", "{4A326436-D186-40DC-95A8-1BC2CD769EFE}"
EndProject
Project("{2150E333-8FDC-42A3-9474-1A3956D46DE8}") = "WebUI.Tests", "WebUI.Tests", "{A480333E-DDBC-6BE3-B3E1-13D932EF629E}"
EndProject
Project("{FAE04EC0-301F-11D3-BF4B-00C04F79EFBC}") = "Yanets.WebUI.Tests", "04_Presentation\WebUI.Tests\Yanets.WebUI.Tests.csproj", "{BA567DD7-C173-4E8D-81B1-CFAF631113EA}"
EndProject
Global
	GlobalSection(SolutionConfigurationPlatforms) = preSolution
		Debug|Any CPU = Debug|Any CPU
		Debug|x64 = Debug|x64
		Debug|x86 = Debug|x86
		Release|Any CPU = Release|Any CPU
		Release|x64 = Release|x64
		Release|x86 = Release|x86
	EndGlobalSection
	GlobalSection(ProjectConfigurationPlatforms) = postSolution
		{FB1A2561-9FDC-4F2A-855F-21F489964517}.Debug|Any CPU.ActiveCfg = Debug|Any CPU
		{FB1A2561-9FDC-4F2A-855F-21F489964517}.Debug|Any CPU.Build.0 = Debug|Any CPU
		{FB1A2561-9FDC-4F2A-855F-21F489964517}.Debug|x64.ActiveCfg = Debug|Any CPU
		{FB1A2561-9FDC-4F2A-855F-21F489964517}.Debug|x64.Build.0 = Debug|Any CPU
		{FB1A2561-9FDC-4F2A-855F-21F489964517}.Debug|x86.ActiveCfg = Debug|Any CPU
		{FB1A2561-9FDC-4F2A-855F-21F489964517}.Debug|x86.Build.0 = Debug|Any CPU
		{FB1A2561-9FDC-4F2A-855F-21F489964517}.Release|Any CPU.ActiveCfg = Release|Any CPU
		{FB1A2561-9FDC-4F2A-855F-21F489964517}.Release|Any CPU.Build.0 = Release|Any CPU
		{FB1A2561-9FDC-4F2A-855F-21F489964517}.Release|x64.ActiveCfg = Release|Any CPU
		{FB1A2561-9FDC-4F2A-855F-21F489964517}.Release|x64.Build.0 = Release|Any CPU
		{FB1A2561-9FDC-4F2A-855F-21F489964517}.Release|x86.ActiveCfg = Release|Any CPU
		{FB1A2561-9FDC-4F2A-855F-21F489964517}.Release|x86.Build.0 = Release|Any CPU
		{E5393C54-2557-4475-84A7-FA0B786F80CD}.Debug|Any CPU.ActiveCfg = Debug|Any CPU
		{E5393C54-2557-4475-84A7-FA0B786F80CD}.Debug|Any CPU.Build.0 = Debug|Any CPU
		{E5393C54-2557-4475-84A7-FA0B786F80CD}.Debug|x64.ActiveCfg = Debug|Any CPU
		{E5393C54-2557-4475-84A7-FA0B786F80CD}.Debug|x64.Build.0 = Debug|Any CPU
		{E5393C54-2557-4475-84A7-FA0B786F80CD}.Debug|x86.ActiveCfg = Debug|Any CPU
		{E5393C54-2557-4475-84A7-FA0B786F80CD}.Debug|x86.Build.0 = Debug|Any CPU
		{E5393C54-2557-4475-84A7-FA0B786F80CD}.Release|Any CPU.ActiveCfg = Release|Any CPU
		{E5393C54-2557-4475-84A7-FA0B786F80CD}.Release|Any CPU.Build.0 = Release|Any CPU
		{E5393C54-2557-4475-84A7-FA0B786F80CD}.Release|x64.ActiveCfg = Release|Any CPU
		{E5393C54-2557-4475-84A7-FA0B786F80CD}.Release|x64.Build.0 = Release|Any CPU
		{E5393C54-2557-4475-84A7-FA0B786F80CD}.Release|x86.ActiveCfg = Release|Any CPU
		{E5393C54-2557-4475-84A7-FA0B786F80CD}.Release|x86.Build.0 = Release|Any CPU
		{60E48E75-B9DE-4C8E-9D2C-4DC139466437}.Debug|Any CPU.ActiveCfg = Debug|Any CPU
		{60E48E75-B9DE-4C8E-9D2C-4DC139466437}.Debug|Any CPU.Build.0 = Debug|Any CPU
		{60E48E75-B9DE-4C8E-9D2C-4DC139466437}.Debug|x64.ActiveCfg = Debug|Any CPU
		{60E48E75-B9DE-4C8E-9D2C-4DC139466437}.Debug|x64.Build.0 = Debug|Any CPU
		{60E48E75-B9DE-4C8E-9D2C-4DC139466437}.Debug|x86.ActiveCfg = Debug|Any CPU
		{60E48E75-B9DE-4C8E-9D2C-4DC139466437}.Debug|x86.Build.0 = Debug|Any CPU
		{60E48E75-B9DE-4C8E-9D2C-4DC139466437}.Release|Any CPU.ActiveCfg = Release|Any CPU
		{60E48E75-B9DE-4C8E-9D2C-4DC139466437}.Release|Any CPU.Build.0 = Release|Any CPU
		{60E48E75-B9DE-4C8E-9D2C-4DC139466437}.Release|x64.ActiveCfg = Release|Any CPU
		{60E48E75-B9DE-4C8E-9D2C-4DC139466437}.Release|x64.Build.0 = Release|Any CPU
		{60E48E75-B9DE-4C8E-9D2C-4DC139466437}.Release|x86.ActiveCfg = Release|Any CPU
		{60E48E75-B9DE-4C8E-9D2C-4DC139466437}.Release|x86.Build.0 = Release|Any CPU
		{20D384A0-882D-4BCC-8486-7C2BBA8E13D8}.Debug|Any CPU.ActiveCfg = Debug|Any CPU
		{20D384A0-882D-4BCC-8486-7C2BBA8E13D8}.Debug|Any CPU.Build.0 = Debug|Any CPU
		{20D384A0-882D-4BCC-8486-7C2BBA8E13D8}.Debug|x64.ActiveCfg = Debug|Any CPU
		{20D384A0-882D-4BCC-8486-7C2BBA8E13D8}.Debug|x64.Build.0 = Debug|Any CPU
		{20D384A0-882D-4BCC-8486-7C2BBA8E13D8}.Debug|x86.ActiveCfg = Debug|Any CPU
		{20D384A0-882D-4BCC-8486-7C2BBA8E13D8}.Debug|x86.Build.0 = Debug|Any CPU
		{20D384A0-882D-4BCC-8486-7C2BBA8E13D8}.Release|Any CPU.ActiveCfg = Release|Any CPU
		{20D384A0-882D-4BCC-8486-7C2BBA8E13D8}.Release|Any CPU.Build.0 = Release|Any CPU
		{20D384A0-882D-4BCC-8486-7C2BBA8E13D8}.Release|x64.ActiveCfg = Release|Any CPU
		{20D384A0-882D-4BCC-8486-7C2BBA8E13D8}.Release|x64.Build.0 = Release|Any CPU
		{20D384A0-882D-4BCC-8486-7C2BBA8E13D8}.Release|x86.ActiveCfg = Release|Any CPU
		{20D384A0-882D-4BCC-8486-7C2BBA8E13D8}.Release|x86.Build.0 = Release|Any CPU
		{E3C8E623-D253-4F38-BFA6-7500EE6CE75F}.Debug|Any CPU.ActiveCfg = Debug|Any CPU
		{E3C8E623-D253-4F38-BFA6-7500EE6CE75F}.Debug|Any CPU.Build.0 = Debug|Any CPU
		{E3C8E623-D253-4F38-BFA6-7500EE6CE75F}.Debug|x64.ActiveCfg = Debug|Any CPU
		{E3C8E623-D253-4F38-BFA6-7500EE6CE75F}.Debug|x64.Build.0 = Debug|Any CPU
		{E3C8E623-D253-4F38-BFA6-7500EE6CE75F}.Debug|x86.ActiveCfg = Debug|Any CPU
		{E3C8E623-D253-4F38-BFA6-7500EE6CE75F}.Debug|x86.Build.0 = Debug|Any CPU
		{E3C8E623-D253-4F38-BFA6-7500EE6CE75F}.Release|Any CPU.ActiveCfg = Release|Any CPU
		{E3C8E623-D253-4F38-BFA6-7500EE6CE75F}.Release|Any CPU.Build.0 = Release|Any CPU
		{E3C8E623-D253-4F38-BFA6-7500EE6CE75F}.Release|x64.ActiveCfg = Release|Any CPU
		{E3C8E623-D253-4F38-BFA6-7500EE6CE75F}.Release|x64.Build.0 = Release|Any CPU
		{E3C8E623-D253-4F38-BFA6-7500EE6CE75F}.Release|x86.ActiveCfg = Release|Any CPU
		{E3C8E623-D253-4F38-BFA6-7500EE6CE75F}.Release|x86.Build.0 = Release|Any CPU
		{4A326436-D186-40DC-95A8-1BC2CD769EFE}.Debug|Any CPU.ActiveCfg = Debug|Any CPU
		{4A326436-D186-40DC-95A8-1BC2CD769EFE}.Debug|Any CPU.Build.0 = Debug|Any CPU
		{4A326436-D186-40DC-95A8-1BC2CD769EFE}.Debug|x64.ActiveCfg = Debug|Any CPU
		{4A326436-D186-40DC-95A8-1BC2CD769EFE}.Debug|x64.Build.0 = Debug|Any CPU
		{4A326436-D186-40DC-95A8-1BC2CD769EFE}.Debug|x86.ActiveCfg = Debug|Any CPU
		{4A326436-D186-40DC-95A8-1BC2CD769EFE}.Debug|x86.Build.0 = Debug|Any CPU
		{4A326436-D186-40DC-95A8-1BC2CD769EFE}.Release|Any CPU.ActiveCfg = Release|Any CPU
		{4A326436-D186-40DC-95A8-1BC2CD769EFE}.Release|Any CPU.Build.0 = Release|Any CPU
		{4A326436-D186-40DC-95A8-1BC2CD769EFE}.Release|x64.ActiveCfg = Release|Any CPU
		{4A326436-D186-40DC-95A8-1BC2CD769EFE}.Release|x64.Build.0 = Release|Any CPU
		{4A326436-D186-40DC-95A8-1BC2CD769EFE}.Release|x86.ActiveCfg = Release|Any CPU
		{4A326436-D186-40DC-95A8-1BC2CD769EFE}.Release|x86.Build.0 = Release|Any CPU
		{BA567DD7-C173-4E8D-81B1-CFAF631113EA}.Debug|Any CPU.ActiveCfg = Debug|Any CPU
		{BA567DD7-C173-4E8D-81B1-CFAF631113EA}.Debug|Any CPU.Build.0 = Debug|Any CPU
		{BA567DD7-C173-4E8D-81B1-CFAF631113EA}.Debug|x64.ActiveCfg = Debug|Any CPU
		{BA567DD7-C173-4E8D-81B1-CFAF631113EA}.Debug|x64.Build.0 = Debug|Any CPU
		{BA567DD7-C173-4E8D-81B1-CFAF631113EA}.Debug|x86.ActiveCfg = Debug|Any CPU
		{BA567DD7-C173-4E8D-81B1-CFAF631113EA}.Debug|x86.Build.0 = Debug|Any CPU
		{BA567DD7-C173-4E8D-81B1-CFAF631113EA}.Release|Any CPU.ActiveCfg = Release|Any CPU
		{BA567DD7-C173-4E8D-81B1-CFAF631113EA}.Release|Any CPU.Build.0 = Release|Any CPU
		{BA567DD7-C173-4E8D-81B1-CFAF631113EA}.Release|x64.ActiveCfg = Release|Any CPU
		{BA567DD7-C173-4E8D-81B1-CFAF631113EA}.Release|x64.Build.0 = Release|Any CPU
		{BA567DD7-C173-4E8D-81B1-CFAF631113EA}.Release|x86.ActiveCfg = Release|Any CPU
		{BA567DD7-C173-4E8D-81B1-CFAF631113EA}.Release|x86.Build.0 = Release|Any CPU
	EndGlobalSection
	GlobalSection(SolutionProperties) = preSolution
		HideSolutionNode = FALSE
	EndGlobalSection
	GlobalSection(NestedProjects) = preSolution
		{FB1A2561-9FDC-4F2A-855F-21F489964517} = {973182D7-6766-3460-DF07-603EAC9375EF}
		{E5393C54-2557-4475-84A7-FA0B786F80CD} = {973182D7-6766-3460-DF07-603EAC9375EF}
		{60E48E75-B9DE-4C8E-9D2C-4DC139466437} = {973182D7-6766-3460-DF07-603EAC9375EF}
		{20D384A0-882D-4BCC-8486-7C2BBA8E13D8} = {973182D7-6766-3460-DF07-603EAC9375EF}
		{2614D91E-C954-E738-7CD6-3849274640A0} = {26B3706C-9BEF-B19E-E5E0-A27871C00191}
		{E3C8E623-D253-4F38-BFA6-7500EE6CE75F} = {2614D91E-C954-E738-7CD6-3849274640A0}
		{93643AE3-9CC7-7BEE-F8CB-842DB145C0D8} = {12DE95CD-2B2E-FD30-5690-9432B4B3B81E}
		{4A326436-D186-40DC-95A8-1BC2CD769EFE} = {93643AE3-9CC7-7BEE-F8CB-842DB145C0D8}
		{A480333E-DDBC-6BE3-B3E1-13D932EF629E} = {12DE95CD-2B2E-FD30-5690-9432B4B3B81E}
		{BA567DD7-C173-4E8D-81B1-CFAF631113EA} = {A480333E-DDBC-6BE3-B3E1-13D932EF629E}
	EndGlobalSection
EndGlobal
